<?xml version="1.0" encoding="utf-8"?>
<Project ToolsVersion="4.0" xmlns="http://schemas.microsoft.com/developer/msbuild/2003">
  <ItemGroup>
    <Filter Include="ソース ファイル">
      <UniqueIdentifier>{4FC737F1-C7A5-4376-A066-2A32D752A2FF}</UniqueIdentifier>
      <Extensions>cpp;c;cc;cxx;c++;cppm;ixx;def;odl;idl;hpj;bat;asm;asmx</Extensions>
    </Filter>
    <Filter Include="ヘッダー ファイル">
      <UniqueIdentifier>{93995380-89BD-4b04-88EB-625FBE52EBFB}</UniqueIdentifier>
      <Extensions>h;hh;hpp;hxx;h++;hm;inl;inc;ipp;xsd</Extensions>
    </Filter>
    <Filter Include="リソース ファイル">
      <UniqueIdentifier>{67DA6AB6-F800-4c08-8B7A-83BB121AAD01}</UniqueIdentifier>
      <Extensions>rc;ico;cur;bmp;dlg;rc2;rct;bin;rgs;gif;jpg;jpeg;jpe;resx;tiff;tif;png;wav;mfcribbon-ms</Extensions>
    </Filter>
    <Filter Include="ソース ファイル\ウィンドウクリエイト">
      <UniqueIdentifier>{32c1fc95-a71b-4d0f-b586-35be7be55bb1}</UniqueIdentifier>
    </Filter>
    <Filter Include="ソース ファイル\DirectXTex">
      <UniqueIdentifier>{968c0f4a-68cb-4705-9c17-098c3007b00b}</UniqueIdentifier>
    </Filter>
    <Filter Include="ソース ファイル\DirectX環境構築">
      <UniqueIdentifier>{2a5a6617-c301-4bb1-a4f6-383a1845fb1b}</UniqueIdentifier>
    </Filter>
    <Filter Include="ソース ファイル\2Dポリゴン描画">
      <UniqueIdentifier>{cdecbeeb-7de7-4d6b-b4b5-9f15ddd6aab7}</UniqueIdentifier>
    </Filter>
    <Filter Include="ソース ファイル\インプット">
      <UniqueIdentifier>{4a407cc2-25f2-4ace-9ce6-c0a9ee38d929}</UniqueIdentifier>
    </Filter>
    <Filter Include="ソース ファイル\オーディオ">
      <UniqueIdentifier>{0a061940-ca6f-43ba-af89-2094e351e7e6}</UniqueIdentifier>
    </Filter>
    <Filter Include="ソース ファイル\タスクシステム">
      <UniqueIdentifier>{f7be245b-b1fb-4799-821d-80d4669e1af1}</UniqueIdentifier>
    </Filter>
    <Filter Include="ソース ファイル\Debug用オブジェクト">
      <UniqueIdentifier>{b0d06382-5ed3-49d1-828c-713e0086e494}</UniqueIdentifier>
    </Filter>
    <Filter Include="ソース ファイル\文字描画">
      <UniqueIdentifier>{bfd554d2-74b5-4aad-bab3-cb167b3095ab}</UniqueIdentifier>
    </Filter>
  </ItemGroup>
  <ItemGroup>
    <ClCompile Include="main.cpp">
      <Filter>ソース ファイル</Filter>
    </ClCompile>
    <ClCompile Include="WindowCreate.cpp">
      <Filter>ソース ファイル\ウィンドウクリエイト</Filter>
    </ClCompile>
    <ClCompile Include="WICTextureLoader.cpp">
      <Filter>ソース ファイル\DirectXTex</Filter>
    </ClCompile>
    <ClCompile Include="DeviceCreate.cpp">
      <Filter>ソース ファイル\DirectX環境構築</Filter>
    </ClCompile>
    <ClCompile Include="Draw2DPolygon.cpp">
      <Filter>ソース ファイル\2Dポリゴン描画</Filter>
    </ClCompile>
    <ClCompile Include="Input.cpp">
      <Filter>ソース ファイル\インプット</Filter>
    </ClCompile>
    <ClCompile Include="Audio.cpp">
      <Filter>ソース ファイル\オーディオ</Filter>
    </ClCompile>
    <ClCompile Include="TaskSystem.cpp">
      <Filter>ソース ファイル\タスクシステム</Filter>
    </ClCompile>
    <ClCompile Include="Hero.cpp">
      <Filter>ソース ファイル\Debug用オブジェクト</Filter>
    </ClCompile>
    <ClCompile Include="FontTex.cpp">
      <Filter>ソース ファイル\文字描画</Filter>
    </ClCompile>
  </ItemGroup>
  <ItemGroup>
    <ClInclude Include="WindowCreate.h">
      <Filter>ソース ファイル\ウィンドウクリエイト</Filter>
    </ClInclude>
    <ClInclude Include="WICTextureLoader.h">
      <Filter>ソース ファイル\DirectXTex</Filter>
    </ClInclude>
    <ClInclude Include="DirectXTex.h">
      <Filter>ソース ファイル\DirectXTex</Filter>
    </ClInclude>
    <ClInclude Include="DeviceCreate.h">
      <Filter>ソース ファイル\DirectX環境構築</Filter>
    </ClInclude>
    <ClInclude Include="Draw2DPolygon.h">
      <Filter>ソース ファイル\2Dポリゴン描画</Filter>
    </ClInclude>
    <ClInclude Include="Input.h">
      <Filter>ソース ファイル\インプット</Filter>
    </ClInclude>
    <ClInclude Include="Audio.h">
      <Filter>ソース ファイル\オーディオ</Filter>
    </ClInclude>
    <ClInclude Include="ogg\ogg.h">
      <Filter>ヘッダー ファイル</Filter>
    </ClInclude>
    <ClInclude Include="ogg\os_types.h">
      <Filter>ヘッダー ファイル</Filter>
    </ClInclude>
    <ClInclude Include="vorbis\codec.h">
      <Filter>ヘッダー ファイル</Filter>
    </ClInclude>
    <ClInclude Include="vorbis\vorbisfile.h">
      <Filter>ヘッダー ファイル</Filter>
    </ClInclude>
    <ClInclude Include="vorbis\vorbisenc.h">
      <Filter>ヘッダー ファイル</Filter>
    </ClInclude>
    <ClInclude Include="TaskSystem.h">
      <Filter>ソース ファイル\タスクシステム</Filter>
    </ClInclude>
    <ClInclude Include="Hero.h">
      <Filter>ソース ファイル\Debug用オブジェクト</Filter>
    </ClInclude>
    <ClInclude Include="FontTex.h">
      <Filter>ソース ファイル\文字描画</Filter>
    </ClInclude>
  </ItemGroup>
  <ItemGroup>
    <None Include="PolygonDraw.hlsl">
      <Filter>ソース ファイル</Filter>
    </None>
    <None Include="DirectXTex.inl">
      <Filter>ソース ファイル\DirectXTex</Filter>
    </None>
    <None Include="ogg\Makefile.in" />
    <None Include="ogg\Makefile.am" />
    <None Include="ogg\config_types.h.in" />
    <None Include="vorbis\Makefile.am" />
    <None Include="vorbis\Makefile.in" />
  </ItemGroup>
  <ItemGroup>
    <Library Include="DirectXTex.lib">
      <Filter>ソース ファイル\DirectXTex</Filter>
    </Library>
    <Library Include="libogg.lib" />
    <Library Include="libvorbis_static.lib" />
    <Library Include="libvorbisfile_static.lib" />
  </ItemGroup>
</Project>